{
  "name": "epireels",
  "version": "1.0.0",
  "lockfileVersion": 3,
  "requires": true,
  "packages": {
    "": {
      "name": "epireels",
      "version": "1.0.0",
      "license": "ISC",
      "devDependencies": {
        "@types/node": "^24",
        "turbo": "^2.5.6"
      },
      "engines": {
        "node": "^24"
      }
    },
    "node_modules/.pnpm/@types+node@24.13.3": {
      "dev": true
    },
    "node_modules/.pnpm/@types+node@24.13.3/node_modules/@types/node": {
      "version": "24.13.3",
      "dev": true,
      "license": "MIT",
      "dependencies": {
        "undici-types": "~7.18.0"
      }
    },
    "node_modules/.pnpm/@types+node@24.13.3/node_modules/undici-types": {
      "resolved": "node_modules/.pnpm/undici-types@7.18.2/node_modules/undici-types",
      "link": true
    },
    "node_modules/.pnpm/turbo@2.10.11/node_modules/turbo": {
      "version": "2.10.11",
      "dev": true,
      "license": "MIT",
      "bin": {
        "turbo": "bin/turbo"
      },
      "optionalDependencies": {
        "@turbo/darwin-64": "2.10.11",
        "@turbo/darwin-arm64": "2.10.11",
        "@turbo/linux-64": "2.10.11",
        "@turbo/linux-arm64": "2.10.11",
        "@turbo/windows-64": "2.10.11",
        "@turbo/windows-arm64": "2.10.11"
      }
    },
    "node_modules/.pnpm/undici-types@7.18.2/node_modules/undici-types": {
      "version": "7.18.2",
      "dev": true,
      "license": "MIT"
    },
    "node_modules/@turbo/darwin-64": {
      "version": "2.10.11",
      "resolved": "https://registry.npmjs.org/@turbo/darwin-64/-/darwin-64-2.10.11.tgz",
      "integrity": "sha512-v3R+1R/Ysozyo+p7Ri8MCIbndOvYt3DgPFrGLhrhQHfvyvbxyH3WyJj+A/2JTNmNleuAlh3JUyCV0iSVHIONTA==",
      "cpu": [
        "x64"
      ],
      "dev": true,
      "license": "MIT",
      "optional": true,
      "os": [
        "darwin"
      ]
    },
    "node_modules/@turbo/darwin-arm64": {
      "version": "2.10.11",
      "resolved": "https://registry.npmjs.org/@turbo/darwin-arm64/-/darwin-arm64-2.10.11.tgz",
      "integrity": "sha512-R0a0CvGAeYYsBgPIgFNB3agGXh6qukjduNhFlwVVX1Ss2IdBJLXmgjytNGmo084bLKS0B6UdLRwKhXMHKKaObQ==",
      "cpu": [
        "arm64"
      ],
      "dev": true,
      "license": "MIT",
      "optional": true,
      "os": [
        "darwin"
      ]
    },
    "node_modules/@turbo/linux-64": {
      "version": "2.10.11",
      "resolved": "https://registry.npmjs.org/@turbo/linux-64/-/linux-64-2.10.11.tgz",
      "integrity": "sha512-dGlY2vg7jpsLjGS1bf9sD/cw1sGMAYbeHGQKGRFxd5Zaj+Ufbj8cNXl/vIit8ueCU97zhL/znn60ZV5iSfZAxw==",
      "cpu": [
        "x64"
      ],
      "dev": true,
      "license": "MIT",
      "optional": true,
      "os": [
        "android",
        "linux"
      ]
    },
    "node_modules/@turbo/linux-arm64": {
      "version": "2.10.11",
      "resolved": "https://registry.npmjs.org/@turbo/linux-arm64/-/linux-arm64-2.10.11.tgz",
      "integrity": "sha512-eSP9+jjsSCBs2x0QpJZlp49dSD1EIMwXH7PsMIhdWk7w6IThhuKJ+jL95JQ2IW7tRjRmdh8gKcKQtrHLD5R5lA==",
      "cpu": [
        "arm64"
      ],
      "dev": true,
      "license": "MIT",
      "optional": true,
      "os": [
        "android",
        "linux"
      ]
    },
    "node_modules/@turbo/windows-64": {
      "version": "2.10.11",
      "resolved": "https://registry.npmjs.org/@turbo/windows-64/-/windows-64-2.10.11.tgz",
      "integrity": "sha512-4aD7edogJ8arK8DOyvjTI2KKwmchD5M/WM4BZgidrtFf7aSgn8Ce2rJnDwmriw980c2cKlHnhXtlGy38VtKB8g==",
      "cpu": [
        "x64"
      ],
      "dev": true,
      "license": "MIT",
      "optional": true,
      "os": [
        "win32"
      ]
    },
    "node_modules/@turbo/windows-arm64": {
      "version": "2.10.11",
      "resolved": "https://registry.npmjs.org/@turbo/windows-arm64/-/windows-arm64-2.10.11.tgz",
      "integrity": "sha512-m8tJkIrTrbQ9O1uHxV0GUq623Zg1678xGna8eMsy4KbygUX/wVFgdZDYV/AxyoyaW/U7nyKoBvaDVwm22p9xqA==",
      "cpu": [
        "arm64"
      ],
      "dev": true,
      "license": "MIT",
      "optional": true,
      "os": [
        "win32"
      ]
    },
    "node_modules/@types/node": {
      "resolved": "node_modules/.pnpm/@types+node@24.13.3/node_modules/@types/node",
      "link": true
    },
    "node_modules/turbo": {
      "resolved": "node_modules/.pnpm/turbo@2.10.11/node_modules/turbo",
      "link": true
    }
  }
}
